// !$*UTF8*$!
{
	archiveVersion = 1;
	classes = {
	};
	objectVersion = 77;
	objects = {

/* Begin PBXBuildFile section */
		9982F54A2F36C2A700F06A40 /* iMessageUSDC MessagesExtension.appex in Embed Foundation Extensions */ = {isa = PBXBuildFile; fileRef = 9982F5492F36C2A700F06A40 /* iMessageUSDC MessagesExtension.appex */; settings = {ATTRIBUTES = (RemoveHeadersOnCopy, ); }; };
		9982F54F2F36C2A700F06A40 /* Messages.framework in Frameworks */ = {isa = PBXBuildFile; fileRef = 9982F54E2F36C2A700F06A40 /* Messages.framework */; };
/* End PBXBuildFile section */

/* Begin PBXContainerItemProxy section */
		9982F54B2F36C2A700F06A40 /* PBXContainerItemProxy */ = {
			isa = PBXContainerItemProxy;
			containerPortal = 9982F53A2F36C2A600F06A40 /* Project object */;
			proxyType = 1;
			remoteGlobalIDString = 9982F5482F36C2A700F06A40;
			remoteInfo = "iMessageUSDC MessagesExtension";
		};
/* End PBXContainerItemProxy section */

/* Begin PBXCopyFilesBuildPhase section */
		9982F55F2F36C2A800F06A40 /* Embed Foundation Extensions */ = {
			isa = PBXCopyFilesBuildPhase;
			buildActionMask = 2147483647;
			dstPath = "";
			dstSubfolderSpec = 13;
			files = (
				9982F54A2F36C2A700F06A40 /* iMessageUSDC MessagesExtension.appex in Embed Foundation Extensions */,
			);
			name = "Embed Foundation Extensions";
			runOnlyForDeploymentPostprocessing = 0;
		};
/* End PBXCopyFilesBuildPhase section */

/* Begin PBXFileReference section */
		9982F5402F36C2A600F06A40 /* iMessageUSDC.app */ = {isa = PBXFileReference; explicitFileType = wrapper.application; includeInIndex = 0; path = iMessageUSDC.app; sourceTree = BUILT_PRODUCTS_DIR; };
		9982F5492F36C2A700F06A40 /* iMessageUSDC MessagesExtension.appex */ = {isa = PBXFileReference; explicitFileType = "wrapper.app-extension"; includeInIndex = 0; path = "iMessageUSDC MessagesExtension.appex"; sourceTree = BUILT_PRODUCTS_DIR; };
		9982F54E2F36C2A700F06A40 /* Messages.framework */ = {isa = PBXFileReference; lastKnownFileType = wrapper.framework; name = Messages.framework; path = System/Library/Frameworks/Messages.framework; sourceTree = SDKROOT; };
		9982F59F2F36FBF700F06A40 /* iMessageUSDCPreview.app */ = {isa = PBXFileReference; explicitFileType = wrapper.application; includeInIndex = 0; path = iMessageUSDCPreview.app; sourceTree = BUILT_PRODUCTS_DIR; };
/* End PBXFileReference section */

/* Begin PBXFileSystemSynchronizedBuildFileExceptionSet section */
		994A27BF2F373573005A1A08 /* Exceptions for "Assets" folder in "iMessageUSDC" target */ = {
			isa = PBXFileSystemSynchronizedBuildFileExceptionSet;
			membershipExceptions = (
				"usdc-3D-token.png",
			);
			target = 9982F53F2F36C2A600F06A40 /* iMessageUSDC */;
		};
		994A27C02F373573005A1A08 /* Exceptions for "Assets" folder in "iMessageUSDCPreview" target */ = {
			isa = PBXFileSystemSynchronizedBuildFileExceptionSet;
			membershipExceptions = (
				"usdc-3D-token.png",
			);
			target = 9982F59E2F36FBF700F06A40 /* iMessageUSDCPreview */;
		};
		9982F5592F36C2A800F06A40 /* Exceptions for "iMessageUSDC MessagesExtension" folder in "iMessageUSDC MessagesExtension" target */ = {
			isa = PBXFileSystemSynchronizedBuildFileExceptionSet;
			membershipExceptions = (
				Info.plist,
			);
			target = 9982F5482F36C2A700F06A40 /* iMessageUSDC MessagesExtension */;
		};
		9982F5AB2F36FE0300F06A40 /* Exceptions for "iMessageUSDC MessagesExtension" folder in "iMessageUSDCPreview" target */ = {
			isa = PBXFileSystemSynchronizedBuildFileExceptionSet;
			membershipExceptions = (
				MessagesViewController.swift,
			);
			target = 9982F59E2F36FBF700F06A40 /* iMessageUSDCPreview */;
		};
		9982F5B12F36FE4E00F06A40 /* Exceptions for "SharedUI" folder in "iMessageUSDCPreview" target */ = {
			isa = PBXFileSystemSynchronizedBuildFileExceptionSet;
			membershipExceptions = (
				CreateWalletViewController.swift,
				OldWalletView.swift,
				PrivyAuthViewController.swift,
				UIKitPreview.swift,
			);
			target = 9982F59E2F36FBF700F06A40 /* iMessageUSDCPreview */;
		};
/* End PBXFileSystemSynchronizedBuildFileExceptionSet section */

/* Begin PBXFileSystemSynchronizedRootGroup section */
		994A27BA2F373540005A1A08 /* Assets */ = {
			isa = PBXFileSystemSynchronizedRootGroup;
			exceptions = (
				994A27BF2F373573005A1A08 /* Exceptions for "Assets" folder in "iMessageUSDC" target */,
				994A27C02F373573005A1A08 /* Exceptions for "Assets" folder in "iMessageUSDCPreview" target */,
			);
			path = Assets;
			sourceTree = "<group>";
		};
		9982F5422F36C2A600F06A40 /* iMessageUSDC */ = {
			isa = PBXFileSystemSynchronizedRootGroup;
			path = iMessageUSDC;
			sourceTree = "<group>";
		};
		9982F5502F36C2A700F06A40 /* iMessageUSDC MessagesExtension */ = {
			isa = PBXFileSystemSynchronizedRootGroup;
			exceptions = (
				9982F5592F36C2A800F06A40 /* Exceptions for "iMessageUSDC MessagesExtension" folder in "iMessageUSDC MessagesExtension" target */,
				9982F5AB2F36FE0300F06A40 /* Exceptions for "iMessageUSDC MessagesExtension" folder in "iMessageUSDCPreview" target */,
			);
			path = "iMessageUSDC MessagesExtension";
			sourceTree = "<group>";
		};
		9982F5A02F36FBF700F06A40 /* iMessageUSDCPreview */ = {
			isa = PBXFileSystemSynchronizedRootGroup;
			path = iMessageUSDCPreview;
			sourceTree = "<group>";
		};
		9982F5B02F36FE4700F06A40 /* SharedUI */ = {
			isa = PBXFileSystemSynchronizedRootGroup;
			exceptions = (
				9982F5B12F36FE4E00F06A40 /* Exceptions for "SharedUI" folder in "iMessageUSDCPreview" target */,
			);
			path = SharedUI;
			sourceTree = "<group>";
		};
/* End PBXFileSystemSynchronizedRootGroup section */

/* Begin PBXFrameworksBuildPhase section */
		9982F5462F36C2A700F06A40 /* Frameworks */ = {
			isa = PBXFrameworksBuildPhase;
			buildActionMask = 2147483647;
			files = (
				9982F54F2F36C2A700F06A40 /* Messages.framework in Frameworks */,
			);
			runOnlyForDeploymentPostprocessing = 0;
		};
		9982F59C2F36FBF700F06A40 /* Frameworks */ = {
			isa = PBXFrameworksBuildPhase;
			buildActionMask = 2147483647;
			files = (
			);
			runOnlyForDeploymentPostprocessing = 0;
		};
/* End PBXFrameworksBuildPhase section */

/* Begin PBXGroup section */
		9982F5392F36C2A600F06A40 = {
			isa = PBXGroup;
			children = (
				994A27BA2F373540005A1A08 /* Assets */,
				9982F5422F36C2A600F06A40 /* iMessageUSDC */,
				9982F5502F36C2A700F06A40 /* iMessageUSDC MessagesExtension */,
				9982F5A02F36FBF700F06A40 /* iMessageUSDCPreview */,
				9982F5B02F36FE4700F06A40 /* SharedUI */,
				9982F54D2F36C2A700F06A40 /* Frameworks */,
				9982F5412F36C2A600F06A40 /* Products */,
			);
			sourceTree = "<group>";
		};
		9982F5412F36C2A600F06A40 /* Products */ = {
			isa = PBXGroup;
			children = (
				9982F5402F36C2A600F06A40 /* iMessageUSDC.app */,
				9982F5492F36C2A700F06A40 /* iMessageUSDC MessagesExtension.appex */,
				9982F59F2F36FBF700F06A40 /* iMessageUSDCPreview.app */,
			);
			name = Products;
			sourceTree = "<group>";
		};
		9982F54D2F36C2A700F06A40 /* Frameworks */ = {
			isa = PBXGroup;
			children = (
				9982F54E2F36C2A700F06A40 /* Messages.framework */,
			);
			name = Frameworks;
			sourceTree = "<group>";
		};
/* End PBXGroup section */

/* Begin PBXNativeTarget section */
		9982F53F2F36C2A600F06A40 /* iMessageUSDC */ = {
			isa = PBXNativeTarget;
			buildConfigurationList = 9982F5602F36C2A800F06A40 /* Build configuration list for PBXNativeTarget "iMessageUSDC" */;
			buildPhases = (
				9982F53E2F36C2A600F06A40 /* Resources */,
				9982F55F2F36C2A800F06A40 /* Embed Foundation Extensions */,
			);
			buildRules = (
			);
			dependencies = (
				9982F54C2F36C2A700F06A40 /* PBXTargetDependency */,
			);
			fileSystemSynchronizedGroups = (
				9982F5422F36C2A600F06A40 /* iMessageUSDC */,
			);
			name = iMessageUSDC;
			packageProductDependencies = (
			);
			productName = iMessageUSDC;
			productReference = 9982F5402F36C2A600F06A40 /* iMessageUSDC.app */;
			productType = "com.apple.product-type.application.messages";
		};
		9982F5482F36C2A700F06A40 /* iMessageUSDC MessagesExtension */ = {
			isa = PBXNativeTarget;
			buildConfigurationList = 9982F55A2F36C2A800F06A40 /* Build configuration list for PBXNativeTarget "iMessageUSDC MessagesExtension" */;
			buildPhases = (
				9982F5452F36C2A700F06A40 /* Sources */,
				9982F5462F36C2A700F06A40 /* Frameworks */,
				9982F5472F36C2A700F06A40 /* Resources */,
			);
			buildRules = (
			);
			dependencies = (
			);
			fileSystemSynchronizedGroups = (
				994A27BA2F373540005A1A08 /* Assets */,
				9982F5502F36C2A700F06A40 /* iMessageUSDC MessagesExtension */,
				9982F5B02F36FE4700F06A40 /* SharedUI */,
			);
			name = "iMessageUSDC MessagesExtension";
			packageProductDependencies = (
			);
			productName = "iMessageUSDC MessagesExtension";
			productReference = 9982F5492F36C2A700F06A40 /* iMessageUSDC MessagesExtension.appex */;
			productType = "com.apple.product-type.app-extension.messages";
		};
		9982F59E2F36FBF700F06A40 /* iMessageUSDCPreview */ = {
			isa = PBXNativeTarget;
			buildConfigurationList = 9982F5A72F36FBF800F06A40 /* Build configuration list for PBXNativeTarget "iMessageUSDCPreview" */;
			buildPhases = (
				9982F59B2F36FBF700F06A40 /* Sources */,
				9982F59C2F36FBF700F06A40 /* Frameworks */,
				9982F59D2F36FBF700F06A40 /* Resources */,
			);
			buildRules = (
			);
			dependencies = (
			);
			fileSystemSynchronizedGroups = (
				9982F5A02F36FBF700F06A40 /* iMessageUSDCPreview */,
			);
			name = iMessageUSDCPreview;
			packageProductDependencies = (
			);
			productName = iMessageUSDCPreview;
			productReference = 9982F59F2F36FBF700F06A40 /* iMessageUSDCPreview.app */;
			productType = "com.apple.product-type.application";
		};
/* End PBXNativeTarget section */

/* Begin PBXProject section */
		9982F53A2F36C2A600F06A40 /* Project object */ = {
			isa = PBXProject;
			attributes = {
				BuildIndependentTargetsInParallel = 1;
				LastSwiftUpdateCheck = 2620;
				LastUpgradeCheck = 2620;
				TargetAttributes = {
					9982F53F2F36C2A600F06A40 = {
						CreatedOnToolsVersion = 26.2;
					};
					9982F5482F36C2A700F06A40 = {
						CreatedOnToolsVersion = 26.2;
					};
					9982F59E2F36FBF700F06A40 = {
						CreatedOnToolsVersion = 26.2;
					};
				};
			};
			buildConfigurationList = 9982F53D2F36C2A600F06A40 /* Build configuration list for PBXProject "iMessageUSDC" */;
			developmentRegion = en;
			hasScannedForEncodings = 0;
			knownRegions = (
				en,
				Base,
			);
			mainGroup = 9982F5392F36C2A600F06A40;
			minimizedProjectReferenceProxies = 1;
			preferredProjectObjectVersion = 77;
			productRefGroup = 9982F5412F36C2A600F06A40 /* Products */;
			projectDirPath = "";
			projectRoot = "";
			targets = (
				9982F53F2F36C2A600F06A40 /* iMessageUSDC */,
				9982F5482F36C2A700F06A40 /* iMessageUSDC MessagesExtension */,
				9982F59E2F36FBF700F06A40 /* iMessageUSDCPreview */,
			);
		};
/* End PBXProject section */

/* Begin PBXResourcesBuildPhase section */
		9982F53E2F36C2A600F06A40 /* Resources */ = {
			isa = PBXResourcesBuildPhase;
			buildActionMask = 2147483647;
			files = (
			);
			runOnlyForDeploymentPostprocessing = 0;
		};
		9982F5472F36C2A700F06A40 /* Resources */ = {
			isa = PBXResourcesBuildPhase;
			buildActionMask = 2147483647;
			files = (
			);
			runOnlyForDeploymentPostprocessing = 0;
		};
		9982F59D2F36FBF700F06A40 /* Resources */ = {
			isa = PBXResourcesBuildPhase;
			buildActionMask = 2147483647;
			files = (
			);
			runOnlyForDeploymentPostprocessing = 0;
		};
/* End PBXResourcesBuildPhase section */

/* Begin PBXSourcesBuildPhase section */
		9982F5452F36C2A700F06A40 /* Sources */ = {
			isa = PBXSourcesBuildPhase;
			buildActionMask = 2147483647;
			files = (
			);
			runOnlyForDeploymentPostprocessing = 0;
		};
		9982F59B2F36FBF700F06A40 /* Sources */ = {
			isa = PBXSourcesBuildPhase;
			buildActionMask = 2147483647;
			files = (
			);
			runOnlyForDeploymentPostprocessing = 0;
		};
/* End PBXSourcesBuildPhase section */

/* Begin PBXTargetDependency section */
		9982F54C2F36C2A700F06A40 /* PBXTargetDependency */ = {
			isa = PBXTargetDependency;
			target = 9982F5482F36C2A700F06A40 /* iMessageUSDC MessagesExtension */;
			targetProxy = 9982F54B2F36C2A700F06A40 /* PBXContainerItemProxy */;
		};
/* End PBXTargetDependency section */

/* Begin XCBuildConfiguration section */
		9982F55B2F36C2A800F06A40 /* Debug */ = {
			isa = XCBuildConfiguration;
			buildSettings = {
				ASSETCATALOG_COMPILER_APPICON_NAME = "iMessage App Icon";
				CODE_SIGN_STYLE = Automatic;
				CURRENT_PROJECT_VERSION = 1;
				DEVELOPMENT_TEAM = WA3Q5YSLK6;
				GENERATE_INFOPLIST_FILE = YES;
				INFOPLIST_FILE = "iMessageUSDC MessagesExtension/Info.plist";
				INFOPLIST_KEY_CFBundleDisplayName = iMessageUSDC;
				INFOPLIST_KEY_NSHumanReadableCopyright = "";
				LD_RUNPATH_SEARCH_PATHS = (
					"$(inherited)",
					"@executable_path/Frameworks",
					"@executable_path/../../Frameworks",
				);
				MARKETING_VERSION = 1.0;
				PRODUCT_BUNDLE_IDENTIFIER = com.msaki.iMessageUSDC.MessagesExtension;
				PRODUCT_NAME = "$(TARGET_NAME)";
				SKIP_INSTALL = YES;
				STRING_CATALOG_GENERATE_SYMBOLS = YES;
				SWIFT_APPROACHABLE_CONCURRENCY = YES;
				SWIFT_EMIT_LOC_STRINGS = YES;
				SWIFT_UPCOMING_FEATURE_MEMBER_IMPORT_VISIBILITY = YES;
				SWIFT_VERSION = 5.0;
				TARGETED_DEVICE_FAMILY = "1,2";
			};
			name = Debug;
		};
		9982F55C2F36C2A800F06A40 /* Release */ = {
			isa = XCBuildConfiguration;
			buildSettings = {
				ASSETCATALOG_COMPILER_APPICON_NAME = "iMessage App Icon";
				CODE_SIGN_STYLE = Automatic;
				CURRENT_PROJECT_VERSION = 1;
				DEVELOPMENT_TEAM = WA3Q5YSLK6;
				GENERATE_INFOPLIST_FILE = YES;
				INFOPLIST_FILE = "iMessageUSDC MessagesExtension/Info.plist";
				INFOPLIST_KEY_CFBundleDisplayName = iMessageUSDC;
				INFOPLIST_KEY_NSHumanReadableCopyright = "";
				LD_RUNPATH_SEARCH_PATHS = (
					"$(inherited)",
					"@executable_path/Frameworks",
					"@executable_path/../../Frameworks",
				);
				MARKETING_VERSION = 1.0;
				PRODUCT_BUNDLE_IDENTIFIER = com.msaki.iMessageUSDC.MessagesExtension;
				PRODUCT_NAME = "$(TARGET_NAME)";
				SKIP_INSTALL = YES;
				STRING_CATALOG_GENERATE_SYMBOLS = YES;
				SWIFT_APPROACHABLE_CONCURRENCY = YES;
				SWIFT_EMIT_LOC_STRINGS = YES;
				SWIFT_UPCOMING_FEATURE_MEMBER_IMPORT_VISIBILITY = YES;
				SWIFT_VERSION = 5.0;
				TARGETED_DEVICE_FAMILY = "1,2";
			};
			name = Release;
		};
		9982F55D2F36C2A800F06A40 /* Debug */ = {
			isa = XCBuildConfiguration;
			buildSettings = {
				ALWAYS_SEARCH_USER_PATHS = NO;
				ASSETCATALOG_COMPILER_GENERATE_SWIFT_ASSET_SYMBOL_EXTENSIONS = YES;
				CLANG_ANALYZER_NONNULL = YES;
				CLANG_ANALYZER_NUMBER_OBJECT_CONVERSION = YES_AGGRESSIVE;
				CLANG_CXX_LANGUAGE_STANDARD = "gnu++20";
				CLANG_ENABLE_MODULES = YES;
				CLANG_ENABLE_OBJC_ARC = YES;
				CLANG_ENABLE_OBJC_WEAK = YES;
				CLANG_WARN_BLOCK_CAPTURE_AUTORELEASING = YES;
				CLANG_WARN_BOOL_CONVERSION = YES;
				CLANG_WARN_COMMA = YES;
				CLANG_WARN_CONSTANT_CONVERSION = YES;
				CLANG_WARN_DEPRECATED_OBJC_IMPLEMENTATIONS = YES;
				CLANG_WARN_DIRECT_OBJC_ISA_USAGE = YES_ERROR;
				CLANG_WARN_DOCUMENTATION_COMMENTS = YES;
				CLANG_WARN_EMPTY_BODY = YES;
				CLANG_WARN_ENUM_CONVERSION = YES;
				CLANG_WARN_INFINITE_RECURSION = YES;
				CLANG_WARN_INT_CONVERSION = YES;
				CLANG_WARN_NON_LITERAL_NULL_CONVERSION = YES;
				CLANG_WARN_OBJC_IMPLICIT_RETAIN_SELF = YES;
				CLANG_WARN_OBJC_LITERAL_CONVERSION = YES;
				CLANG_WARN_OBJC_ROOT_CLASS = YES_ERROR;
				CLANG_WARN_QUOTED_INCLUDE_IN_FRAMEWORK_HEADER = YES;
				CLANG_WARN_RANGE_LOOP_ANALYSIS = YES;
				CLANG_WARN_STRICT_PROTOTYPES = YES;
				CLANG_WARN_SUSPICIOUS_MOVE = YES;
				CLANG_WARN_UNGUARDED_AVAILABILITY = YES_AGGRESSIVE;
				CLANG_WARN_UNREACHABLE_CODE = YES;
				CLANG_WARN__DUPLICATE_METHOD_MATCH = YES;
				COPY_PHASE_STRIP = NO;
				DEBUG_INFORMATION_FORMAT = dwarf;
				DEVELOPMENT_TEAM = WA3Q5YSLK6;
				ENABLE_STRICT_OBJC_MSGSEND = YES;
				ENABLE_TESTABILITY = YES;
				ENABLE_USER_SCRIPT_SANDBOXING = YES;
				GCC_C_LANGUAGE_STANDARD = gnu17;
				GCC_DYNAMIC_NO_PIC = NO;
				GCC_NO_COMMON_BLOCKS = YES;
				GCC_OPTIMIZATION_LEVEL = 0;
				GCC_PREPROCESSOR_DEFINITIONS = (
					"DEBUG=1",
					"$(inherited)",
				);
				GCC_WARN_64_TO_32_BIT_CONVERSION = YES;
				GCC_WARN_ABOUT_RETURN_TYPE = YES_ERROR;
				GCC_WARN_UNDECLARED_SELECTOR = YES;
				GCC_WARN_UNINITIALIZED_AUTOS = YES_AGGRESSIVE;
				GCC_WARN_UNUSED_FUNCTION = YES;
				GCC_WARN_UNUSED_VARIABLE = YES;
				IPHONEOS_DEPLOYMENT_TARGET = 26.2;
				LOCALIZATION_PREFERS_STRING_CATALOGS = YES;
				MTL_ENABLE_DEBUG_INFO = INCLUDE_SOURCE;
				MTL_FAST_MATH = YES;
				ONLY_ACTIVE_ARCH = YES;
				SDKROOT = iphoneos;
				SWIFT_ACTIVE_COMPILATION_CONDITIONS = "DEBUG $(inherited)";
				SWIFT_OPTIMIZATION_LEVEL = "-Onone";
			};
			name = Debug;
		};
		9982F55E2F36C2A800F06A40 /* Release */ = {
			isa = XCBuildConfiguration;
			buildSettings = {
				ALWAYS_SEARCH_USER_PATHS = NO;
				ASSETCATALOG_COMPILER_GENERATE_SWIFT_ASSET_SYMBOL_EXTENSIONS = YES;
				CLANG_ANALYZER_NONNULL = YES;
				CLANG_ANALYZER_NUMBER_OBJECT_CONVERSION = YES_AGGRESSIVE;
				CLANG_CXX_LANGUAGE_STANDARD = "gnu++20";
				CLANG_ENABLE_MODULES = YES;
				CLANG_ENABLE_OBJC_ARC = YES;
				CLANG_ENABLE_OBJC_WEAK = YES;
				CLANG_WARN_BLOCK_CAPTURE_AUTORELEASING = YES;
				CLANG_WARN_BOOL_CONVERSION = YES;
				CLANG_WARN_COMMA = YES;
				CLANG_WARN_CONSTANT_CONVERSION = YES;
				CLANG_WARN_DEPRECATED_OBJC_IMPLEMENTATIONS = YES;
				CLANG_WARN_DIRECT_OBJC_ISA_USAGE = YES_ERROR;
				CLANG_WARN_DOCUMENTATION_COMMENTS = YES;
				CLANG_WARN_EMPTY_BODY = YES;
				CLANG_WARN_ENUM_CONVERSION = YES;
				CLANG_WARN_INFINITE_RECURSION = YES;
				CLANG_WARN_INT_CONVERSION = YES;
				CLANG_WARN_NON_LITERAL_NULL_CONVERSION = YES;
				CLANG_WARN_OBJC_IMPLICIT_RETAIN_SELF = YES;
				CLANG_WARN_OBJC_LITERAL_CONVERSION = YES;
				CLANG_WARN_OBJC_ROOT_CLASS = YES_ERROR;
				CLANG_WARN_QUOTED_INCLUDE_IN_FRAMEWORK_HEADER = YES;
				CLANG_WARN_RANGE_LOOP_ANALYSIS = YES;
				CLANG_WARN_STRICT_PROTOTYPES = YES;
				CLANG_WARN_SUSPICIOUS_MOVE = YES;
				CLANG_WARN_UNGUARDED_AVAILABILITY = YES_AGGRESSIVE;
				CLANG_WARN_UNREACHABLE_CODE = YES;
				CLANG_WARN__DUPLICATE_METHOD_MATCH = YES;
				COPY_PHASE_STRIP = NO;
				DEBUG_INFORMATION_FORMAT = "dwarf-with-dsym";
				DEVELOPMENT_TEAM = WA3Q5YSLK6;
				ENABLE_NS_ASSERTIONS = NO;
				ENABLE_STRICT_OBJC_MSGSEND = YES;
				ENABLE_USER_SCRIPT_SANDBOXING = YES;
				GCC_C_LANGUAGE_STANDARD = gnu17;
				GCC_NO_COMMON_BLOCKS = YES;
				GCC_WARN_64_TO_32_BIT_CONVERSION = YES;
				GCC_WARN_ABOUT_RETURN_TYPE = YES_ERROR;
				GCC_WARN_UNDECLARED_SELECTOR = YES;
				GCC_WARN_UNINITIALIZED_AUTOS = YES_AGGRESSIVE;
				GCC_WARN_UNUSED_FUNCTION = YES;
				GCC_WARN_UNUSED_VARIABLE = YES;
				IPHONEOS_DEPLOYMENT_TARGET = 26.2;
				LOCALIZATION_PREFERS_STRING_CATALOGS = YES;
				MTL_ENABLE_DEBUG_INFO = NO;
				MTL_FAST_MATH = YES;
				SDKROOT = iphoneos;
				SWIFT_COMPILATION_MODE = wholemodule;
				VALIDATE_PRODUCT = YES;
			};
			name = Release;
		};
		9982F5612F36C2A800F06A40 /* Debug */ = {
			isa = XCBuildConfiguration;
			buildSettings = {
				ASSETCATALOG_COMPILER_APPICON_NAME = AppIcon;
				CODE_SIGN_STYLE = Automatic;
				CURRENT_PROJECT_VERSION = 1;
				DEVELOPMENT_TEAM = WA3Q5YSLK6;
				GENERATE_INFOPLIST_FILE = YES;
				INFOPLIST_KEY_UILaunchStoryboardName = LaunchScreen;
				INFOPLIST_KEY_UISupportedInterfaceOrientations_iPad = "UIInterfaceOrientationPortrait UIInterfaceOrientationPortraitUpsideDown UIInterfaceOrientationLandscapeLeft UIInterfaceOrientationLandscapeRight";
				INFOPLIST_KEY_UISupportedInterfaceOrientations_iPhone = "UIInterfaceOrientationPortrait UIInterfaceOrientationLandscapeLeft UIInterfaceOrientationLandscapeRight";
				MARKETING_VERSION = 1.0;
				PRODUCT_BUNDLE_IDENTIFIER = com.msaki.iMessageUSDC;
				PRODUCT_NAME = "$(TARGET_NAME)";
				STRING_CATALOG_GENERATE_SYMBOLS = YES;
				SWIFT_APPROACHABLE_CONCURRENCY = YES;
				SWIFT_EMIT_LOC_STRINGS = YES;
				SWIFT_UPCOMING_FEATURE_MEMBER_IMPORT_VISIBILITY = YES;
				SWIFT_VERSION = 5.0;
				TARGETED_DEVICE_FAMILY = "1,2";
			};
			name = Debug;
		};
		9982F5622F36C2A800F06A40 /* Release */ = {
			isa = XCBuildConfiguration;
			buildSettings = {
				ASSETCATALOG_COMPILER_APPICON_NAME = AppIcon;
				CODE_SIGN_STYLE = Automatic;
				CURRENT_PROJECT_VERSION = 1;
				DEVELOPMENT_TEAM = WA3Q5YSLK6;
				GENERATE_INFOPLIST_FILE = YES;
				INFOPLIST_KEY_UILaunchStoryboardName = LaunchScreen;
				INFOPLIST_KEY_UISupportedInterfaceOrientations_iPad = "UIInterfaceOrientationPortrait UIInterfaceOrientationPortraitUpsideDown UIInterfaceOrientationLandscapeLeft UIInterfaceOrientationLandscapeRight";
				INFOPLIST_KEY_UISupportedInterfaceOrientations_iPhone = "UIInterfaceOrientationPortrait UIInterfaceOrientationLandscapeLeft UIInterfaceOrientationLandscapeRight";
				MARKETING_VERSION = 1.0;
				PRODUCT_BUNDLE_IDENTIFIER = com.msaki.iMessageUSDC;
				PRODUCT_NAME = "$(TARGET_NAME)";
				STRING_CATALOG_GENERATE_SYMBOLS = YES;
				SWIFT_APPROACHABLE_CONCURRENCY = YES;
				SWIFT_EMIT_LOC_STRINGS = YES;
				SWIFT_UPCOMING_FEATURE_MEMBER_IMPORT_VISIBILITY = YES;
				SWIFT_VERSION = 5.0;
				TARGETED_DEVICE_FAMILY = "1,2";
			};
			name = Release;
		};
		9982F5A82F36FBF800F06A40 /* Debug */ = {
			isa = XCBuildConfiguration;
			buildSettings = {
				ASSETCATALOG_COMPILER_APPICON_NAME = AppIcon;
				ASSETCATALOG_COMPILER_GLOBAL_ACCENT_COLOR_NAME = AccentColor;
				CODE_SIGN_STYLE = Automatic;
				CURRENT_PROJECT_VERSION = 1;
				DEVELOPMENT_TEAM = WA3Q5YSLK6;
				ENABLE_PREVIEWS = YES;
				GENERATE_INFOPLIST_FILE = YES;
				INFOPLIST_KEY_UIApplicationSceneManifest_Generation = YES;
				INFOPLIST_KEY_UIApplicationSupportsIndirectInputEvents = YES;
				INFOPLIST_KEY_UILaunchScreen_Generation = YES;
				INFOPLIST_KEY_UISupportedInterfaceOrientations_iPad = "UIInterfaceOrientationPortrait UIInterfaceOrientationPortraitUpsideDown UIInterfaceOrientationLandscapeLeft UIInterfaceOrientationLandscapeRight";
				INFOPLIST_KEY_UISupportedInterfaceOrientations_iPhone = "UIInterfaceOrientationPortrait UIInterfaceOrientationLandscapeLeft UIInterfaceOrientationLandscapeRight";
				LD_RUNPATH_SEARCH_PATHS = (
					"$(inherited)",
					"@executable_path/Frameworks",
				);
				MARKETING_VERSION = 1.0;
				PRODUCT_BUNDLE_IDENTIFIER = com.msaki.iMessageUSDCPreview;
				PRODUCT_NAME = "$(TARGET_NAME)";
				STRING_CATALOG_GENERATE_SYMBOLS = YES;
				SWIFT_APPROACHABLE_CONCURRENCY = YES;
				SWIFT_DEFAULT_ACTOR_ISOLATION = MainActor;
				SWIFT_EMIT_LOC_STRINGS = YES;
				SWIFT_UPCOMING_FEATURE_MEMBER_IMPORT_VISIBILITY = YES;
				SWIFT_VERSION = 5.0;
				TARGETED_DEVICE_FAMILY = "1,2";
			};
			name = Debug;
		};
		9982F5A92F36FBF800F06A40 /* Release */ = {
			isa = XCBuildConfiguration;
			buildSettings = {
				ASSETCATALOG_COMPILER_APPICON_NAME = AppIcon;
				ASSETCATALOG_COMPILER_GLOBAL_ACCENT_COLOR_NAME = AccentColor;
				CODE_SIGN_STYLE = Automatic;
				CURRENT_PROJECT_VERSION = 1;
				DEVELOPMENT_TEAM = WA3Q5YSLK6;
				ENABLE_PREVIEWS = YES;
				GENERATE_INFOPLIST_FILE = YES;
				INFOPLIST_KEY_UIApplicationSceneManifest_Generation = YES;
				INFOPLIST_KEY_UIApplicationSupportsIndirectInputEvents = YES;
				INFOPLIST_KEY_UILaunchScreen_Generation = YES;
				INFOPLIST_KEY_UISupportedInterfaceOrientations_iPad = "UIInterfaceOrientationPortrait UIInterfaceOrientationPortraitUpsideDown UIInterfaceOrientationLandscapeLeft UIInterfaceOrientationLandscapeRight";
				INFOPLIST_KEY_UISupportedInterfaceOrientations_iPhone = "UIInterfaceOrientationPortrait UIInterfaceOrientationLandscapeLeft UIInterfaceOrientationLandscapeRight";
				LD_RUNPATH_SEARCH_PATHS = (
					"$(inherited)",
					"@executable_path/Frameworks",
				);
				MARKETING_VERSION = 1.0;
				PRODUCT_BUNDLE_IDENTIFIER = com.msaki.iMessageUSDCPreview;
				PRODUCT_NAME = "$(TARGET_NAME)";
				STRING_CATALOG_GENERATE_SYMBOLS = YES;
				SWIFT_APPROACHABLE_CONCURRENCY = YES;
				SWIFT_DEFAULT_ACTOR_ISOLATION = MainActor;
				SWIFT_EMIT_LOC_STRINGS = YES;
				SWIFT_UPCOMING_FEATURE_MEMBER_IMPORT_VISIBILITY = YES;
				SWIFT_VERSION = 5.0;
				TARGETED_DEVICE_FAMILY = "1,2";
			};
			name = Release;
		};
/* End XCBuildConfiguration section */

/* Begin XCConfigurationList section */
		9982F53D2F36C2A600F06A40 /* Build configuration list for PBXProject "iMessageUSDC" */ = {
			isa = XCConfigurationList;
			buildConfigurations = (
				9982F55D2F36C2A800F06A40 /* Debug */,
				9982F55E2F36C2A800F06A40 /* Release */,
			);
			defaultConfigurationIsVisible = 0;
			defaultConfigurationName = Release;
		};
		9982F55A2F36C2A800F06A40 /* Build configuration list for PBXNativeTarget "iMessageUSDC MessagesExtension" */ = {
			isa = XCConfigurationList;
			buildConfigurations = (
				9982F55B2F36C2A800F06A40 /* Debug */,
				9982F55C2F36C2A800F06A40 /* Release */,
			);
			defaultConfigurationIsVisible = 0;
			defaultConfigurationName = Release;
		};
		9982F5602F36C2A800F06A40 /* Build configuration list for PBXNativeTarget "iMessageUSDC" */ = {
			isa = XCConfigurationList;
			buildConfigurations = (
				9982F5612F36C2A800F06A40 /* Debug */,
				9982F5622F36C2A800F06A40 /* Release */,
			);
			defaultConfigurationIsVisible = 0;
			defaultConfigurationName = Release;
		};
		9982F5A72F36FBF800F06A40 /* Build configuration list for PBXNativeTarget "iMessageUSDCPreview" */ = {
			isa = XCConfigurationList;
			buildConfigurations = (
				9982F5A82F36FBF800F06A40 /* Debug */,
				9982F5A92F36FBF800F06A40 /* Release */,
			);
			defaultConfigurationIsVisible = 0;
			defaultConfigurationName = Release;
		};
/* End XCConfigurationList section */
	};
	rootObject = 9982F53A2F36C2A600F06A40 /* Project object */;
}
